lockfileVersion: '6.0'

settings:
  autoInstallPeers: true
  excludeLinksFromLockfile: false

dependencies:
  '@babel/parser':
    specifier: ^7.23.0
    version: 7.23.0
  '@types/escodegen':
    specifier: ^0.0.9
    version: 0.0.9
  '@types/esprima':
    specifier: ^4.0.5
    version: 4.0.5
  '@types/estraverse':
    specifier: ^5.1.5
    version: 5.1.5
  '@types/node':
    specifier: ^20.8.6
    version: 20.8.9
  cycletls:
    specifier: ^1.0.21
    version: 1.0.22
  escodegen:
    specifier: ^2.1.0
    version: 2.1.0
  esprima:
    specifier: ^4.0.1
    version: 4.0.1
  estraverse:
    specifier: ^5.3.0
    version: 5.3.0

packages:

  /@babel/helper-string-parser@7.22.5:
    resolution: {integrity: sha512-mM4COjgZox8U+JcXQwPijIZLElkgEpO5rsERVDJTc2qfCDfERyob6k5WegS14SX18IIjv+XD+GrqNumY5JRCDw==}
    engines: {node: '>=6.9.0'}
    dev: false

  /@babel/helper-validator-identifier@7.22.20:
    resolution: {integrity: sha512-Y4OZ+ytlatR8AI+8KZfKuL5urKp7qey08ha31L8b3BwewJAoJamTzyvxPR/5D+KkdJCGPq/+8TukHBlY10FX9A==}
    engines: {node: '>=6.9.0'}
    dev: false

  /@babel/parser@7.23.0:
    resolution: {integrity: sha512-vvPKKdMemU85V9WE/l5wZEmImpCtLqbnTvqDS2U1fJ96KrxoW7KrXhNsNCblQlg8Ck4b85yxdTyelsMUgFUXiw==}
    engines: {node: '>=6.0.0'}
    hasBin: true
    dependencies:
      '@babel/types': 7.23.0
    dev: false

  /@babel/types@7.23.0:
    resolution: {integrity: sha512-0oIyUfKoI3mSqMvsxBdclDwxXKXAUA8v/apZbc+iSyARYou1o8ZGDxbUYyLFoW2arqS2jDGqJuZvv1d/io1axg==}
    engines: {node: '>=6.9.0'}
    dependencies:
      '@babel/helper-string-parser': 7.22.5
      '@babel/helper-validator-identifier': 7.22.20
      to-fast-properties: 2.0.0
    dev: false

  /@types/escodegen@0.0.9:
    resolution: {integrity: sha512-8HOVgEhBwGgKWvcdu17wkFgv8Br2UgL0bw4UM11iVhKTnO3DX415PBmyxBYvVRejqyVVZF2HRfuFKCc5arC1FQ==}
    dev: false

  /@types/esprima@4.0.5:
    resolution: {integrity: sha512-i1/wCCoHMGLSfEn68SZvao+ICYR7clqRfUAiCkxzqB7DuOMLVAgiiAcxSixtY7NukBnbQNDt5C1zmaLqCX8jDw==}
    dependencies:
      '@types/estree': 1.0.3
    dev: false

  /@types/estraverse@5.1.5:
    resolution: {integrity: sha512-HbVDqIkxBwbIClGoum3GtXhrZkDHCw26+9jTLHRUeUPLlOwHCeGgXw+0b8xK+j6zfuf6Rv1y9Jke3MtSujcFng==}
    dependencies:
      '@types/estree': 1.0.3
    dev: false

  /@types/estree@1.0.3:
    resolution: {integrity: sha512-CS2rOaoQ/eAgAfcTfq6amKG7bsN+EMcgGY4FAFQdvSj2y1ixvOZTUA9mOtCai7E1SYu283XNw7urKK30nP3wkQ==}
    dev: false

  /@types/node@17.0.45:
    resolution: {integrity: sha512-w+tIMs3rq2afQdsPJlODhoUEKzFP1ayaoyl1CcnwtIlsVe7K7bA1NGm4s3PraqTLlXnbIN84zuBlxBWo1u9BLw==}
    dev: false

  /@types/node@20.8.9:
    resolution: {integrity: sha512-UzykFsT3FhHb1h7yD4CA4YhBHq545JC0YnEz41xkipN88eKQtL6rSgocL5tbAP6Ola9Izm/Aw4Ora8He4x0BHg==}
    dependencies:
      undici-types: 5.26.5
    dev: false

  /cycletls@1.0.22:
    resolution: {integrity: sha512-mAZ8w0JDZGh7TnvAwx7Ivx07t8HnOB/X/ZAria173ZBygZYBFYKsY0PjVt6tU8X3YlzWStMUWD4hzOoIrb/Snw==}
    dependencies:
      '@types/node': 17.0.45
      ws: 7.5.9
    transitivePeerDependencies:
      - bufferutil
      - utf-8-validate
    dev: false

  /escodegen@2.1.0:
    resolution: {integrity: sha512-2NlIDTwUWJN0mRPQOdtQBzbUHvdGY2P1VXSyU83Q3xKxM7WHX2Ql8dKq782Q9TgQUNOLEzEYu9bzLNj1q88I5w==}
    engines: {node: '>=6.0'}
    hasBin: true
    dependencies:
      esprima: 4.0.1
      estraverse: 5.3.0
      esutils: 2.0.3
    optionalDependencies:
      source-map: 0.6.1
    dev: false

  /esprima@4.0.1:
    resolution: {integrity: sha512-eGuFFw7Upda+g4p+QHvnW0RyTX/SVeJBDM/gCtMARO0cLuT2HcEKnTPvhjV6aGeqrCB/sbNop0Kszm0jsaWU4A==}
    engines: {node: '>=4'}
    hasBin: true
    dev: false

  /estraverse@5.3.0:
    resolution: {integrity: sha512-MMdARuVEQziNTeJD8DgMqmhwR11BRQ/cBP+pLtYdSTnf3MIO8fFeiINEbX36ZdNlfU/7A9f3gUw49B3oQsvwBA==}
    engines: {node: '>=4.0'}
    dev: false

  /esutils@2.0.3:
    resolution: {integrity: sha512-kVscqXk4OCp68SZ0dkgEKVi6/8ij300KBWTJq32P/dYeWTSwK41WyTxalN1eRmA5Z9UU/LX9D7FWSmV9SAYx6g==}
    engines: {node: '>=0.10.0'}
    dev: false

  /source-map@0.6.1:
    resolution: {integrity: sha512-UjgapumWlbMhkBgzT7Ykc5YXUT46F0iKu8SGXq0bcwP5dz/h0Plj6enJqjz1Zbq2l5WaqYnrVbwWOWMyF3F47g==}
    engines: {node: '>=0.10.0'}
    requiresBuild: true
    dev: false
    optional: true

  /to-fast-properties@2.0.0:
    resolution: {integrity: sha512-/OaKK0xYrs3DmxRYqL/yDc+FxFUVYhDlXMhRmv3z915w2HF1tnN1omB354j8VUGO/hbRzyD6Y3sA7v7GS/ceog==}
    engines: {node: '>=4'}
    dev: false

  /undici-types@5.26.5:
    resolution: {integrity: sha512-JlCMO+ehdEIKqlFxk6IfVoAUVmgz7cU7zD/h9XZ0qzeosSHmUJVOzSQvvYSYWXkFXC+IfLKSIffhv0sVZup6pA==}
    dev: false

  /ws@7.5.9:
    resolution: {integrity: sha512-F+P9Jil7UiSKSkppIiD94dN07AwvFixvLIj1Og1Rl9GGMuNipJnV9JzjD6XuqmAeiswGvUmNLjr5cFuXwNS77Q==}
    engines: {node: '>=8.3.0'}
    peerDependencies:
      bufferutil: ^4.0.1
      utf-8-validate: ^5.0.2
    peerDependenciesMeta:
      bufferutil:
        optional: true
      utf-8-validate:
        optional: true
    dev: false
